
Microsoft Visual Studio Solution File, Format Version 12.00
# Visual Studio Version 17
VisualStudioVersion = 17.11.35303.130
MinimumVisualStudioVersion = 10.0.40219.1
Project("{F184B08F-C81C-45F6-A57F-5ABD9991F28F}") = "TicketsTube", "TicketsTube.vbproj", "{4568614D-DB6C-40BB-8058-6F88EB68EF9A}"
EndProject
Global
	GlobalSection(SolutionConfigurationPlatforms) = preSolution
		Debug|Any CPU = Debug|Any CPU
		Release|Any CPU = Release|Any CPU
	EndGlobalSection
	GlobalSection(ProjectConfigurationPlatforms) = postSolution
		{4568614D-DB6C-40BB-8058-6F88EB68EF9A}.Debug|Any CPU.ActiveCfg = Debug|Any CPU
		{4568614D-DB6C-40BB-8058-6F88EB68EF9A}.Debug|Any CPU.Build.0 = Debug|Any CPU
		{4568614D-DB6C-40BB-8058-6F88EB68EF9A}.Release|Any CPU.ActiveCfg = Release|Any CPU
		{4568614D-DB6C-40BB-8058-6F88EB68EF9A}.Release|Any CPU.Build.0 = Release|Any CPU
	EndGlobalSection
	GlobalSection(SolutionProperties) = preSolution
		HideSolutionNode = FALSE
	EndGlobalSection
	GlobalSection(ExtensibilityGlobals) = postSolution
		SolutionGuid = {D7A3C120-E7CB-46D0-95B9-49B78495CE06}
	EndGlobalSection
EndGlobal
